# Code generated by scarb DO NOT EDIT.
version = 1

[[package]]
name = "alexandria_data_structures"
version = "0.1.0"
source = "git+https://github.com/keep-starknet-strange/alexandria#d45c52c49ca2564a2e783dea8f3b9ea3616c521b"
dependencies = [
 "alexandria_encoding",
]

[[package]]
name = "alexandria_encoding"
version = "0.1.0"
source = "git+https://github.com/keep-starknet-strange/alexandria#d45c52c49ca2564a2e783dea8f3b9ea3616c521b"
dependencies = [
 "alexandria_math",
]

[[package]]
name = "alexandria_math"
version = "0.2.0"
source = "git+https://github.com/keep-starknet-strange/alexandria#d45c52c49ca2564a2e783dea8f3b9ea3616c521b"
dependencies = [
 "alexandria_data_structures",
]

[[package]]
name = "openzeppelin"
version = "0.8.0-beta.0"
source = "git+https://github.com/OpenZeppelin/cairo-contracts#4eafccf107f98d975b20cbb6544b2a998e5f403f"

[[package]]
name = "sb_attestation_queue"
version = "0.0.0"
dependencies = [
 "alexandria_data_structures",
 "sb_permissions",
 "sb_util",
 "snforge_std",
]

[[package]]
name = "sb_function"
version = "0.0.0"
dependencies = [
 "sb_attestation_queue",
 "sb_util",
 "sb_verifier",
 "snforge_std",
]

[[package]]
name = "sb_permissions"
version = "0.0.0"
dependencies = [
 "sb_util",
 "snforge_std",
]

[[package]]
name = "sb_request"
version = "0.0.0"
dependencies = [
 "sb_function",
 "sb_util",
 "snforge_std",
]

[[package]]
name = "sb_routine"
version = "0.0.0"
dependencies = [
 "sb_function",
 "sb_util",
 "snforge_std",
]

[[package]]
name = "sb_util"
version = "0.0.0"
dependencies = [
 "snforge_std",
]

[[package]]
name = "sb_verifier"
version = "0.0.0"
dependencies = [
 "alexandria_data_structures",
 "sb_attestation_queue",
 "sb_permissions",
 "sb_util",
 "snforge_std",
]

[[package]]
name = "snforge_std"
version = "0.1.0"
source = "git+https://github.com/foundry-rs/starknet-foundry#b09316534789dc93b6866c1a7818fa27db5a0331"

[[package]]
name = "switchboard_contract"
version = "0.0.0"
dependencies = [
 "openzeppelin",
 "sb_attestation_queue",
 "sb_function",
 "sb_permissions",
 "sb_request",
 "sb_routine",
 "sb_util",
 "sb_verifier",
 "snforge_std",
]
